
Microsoft Visual Studio Solution File, Format Version 12.00
# Visual Studio Version 17
VisualStudioVersion = 17.1.32210.238
MinimumVisualStudioVersion = 10.0.40219.1
Project("{FAE04EC0-301F-11D3-BF4B-00C04F79EFBC}") = "RPG Game", "RPG Game\RPG Game.csproj", "{6CFAD552-9C27-4B8C-9D79-89C7F8012CCA}"
EndProject
Global
	GlobalSection(SolutionConfigurationPlatforms) = preSolution
		Debug|Any CPU = Debug|Any CPU
		Release|Any CPU = Release|Any CPU
	EndGlobalSection
	GlobalSection(ProjectConfigurationPlatforms) = postSolution
		{6CFAD552-9C27-4B8C-9D79-89C7F8012CCA}.Debug|Any CPU.ActiveCfg = Debug|Any CPU
		{6CFAD552-9C27-4B8C-9D79-89C7F8012CCA}.Debug|Any CPU.Build.0 = Debug|Any CPU
		{6CFAD552-9C27-4B8C-9D79-89C7F8012CCA}.Release|Any CPU.ActiveCfg = Release|Any CPU
		{6CFAD552-9C27-4B8C-9D79-89C7F8012CCA}.Release|Any CPU.Build.0 = Release|Any CPU
	EndGlobalSection
	GlobalSection(SolutionProperties) = preSolution
		HideSolutionNode = FALSE
	EndGlobalSection
	GlobalSection(ExtensibilityGlobals) = postSolution
		SolutionGuid = {C59BEB27-7EAF-4CA4-867A-97BBDC7E29DE}
	EndGlobalSection
EndGlobal
